// !$*UTF8*$!
{
	archiveVersion = 1;
	classes = {
	};
	objectVersion = 48;
	objects = {

/* Begin PBXBuildFile section */
		B74B80721F8FF99800C0EA35 /* ColorTools.swift in Sources */ = {isa = PBXBuildFile; fileRef = B74B80711F8FF99800C0EA35 /* ColorTools.swift */; };
		B7C77CCC1F8D3E61001C47BF /* AppDelegate.swift in Sources */ = {isa = PBXBuildFile; fileRef = B7C77CCB1F8D3E61001C47BF /* AppDelegate.swift */; };
		B7C77CCE1F8D3E61001C47BF /* ViewController.swift in Sources */ = {isa = PBXBuildFile; fileRef = B7C77CCD1F8D3E61001C47BF /* ViewController.swift */; };
		B7C77CD11F8D3E61001C47BF /* Main.storyboard in Resources */ = {isa = PBXBuildFile; fileRef = B7C77CCF1F8D3E61001C47BF /* Main.storyboard */; };
		B7C77CD31F8D3E61001C47BF /* Assets.xcassets in Resources */ = {isa = PBXBuildFile; fileRef = B7C77CD21F8D3E61001C47BF /* Assets.xcassets */; };
		B7C77CD61F8D3E61001C47BF /* LaunchScreen.storyboard in Resources */ = {isa = PBXBuildFile; fileRef = B7C77CD41F8D3E61001C47BF /* LaunchScreen.storyboard */; };
		B7E5B75E1F953BC000782DFC /* SecondScreenViewController.swift in Sources */ = {isa = PBXBuildFile; fileRef = B7E5B75D1F953BC000782DFC /* SecondScreenViewController.swift */; };
/* End PBXBuildFile section */

/* Begin PBXFileReference section */
		B74B80711F8FF99800C0EA35 /* ColorTools.swift */ = {isa = PBXFileReference; lastKnownFileType = sourcecode.swift; path = ColorTools.swift; sourceTree = "<group>"; };
		B7C77CC81F8D3E61001C47BF /* ButtonApp.app */ = {isa = PBXFileReference; explicitFileType = wrapper.application; includeInIndex = 0; path = ButtonApp.app; sourceTree = BUILT_PRODUCTS_DIR; };
		B7C77CCB1F8D3E61001C47BF /* AppDelegate.swift */ = {isa = PBXFileReference; lastKnownFileType = sourcecode.swift; path = AppDelegate.swift; sourceTree = "<group>"; };
		B7C77CCD1F8D3E61001C47BF /* ViewController.swift */ = {isa = PBXFileReference; lastKnownFileType = sourcecode.swift; path = ViewController.swift; sourceTree = "<group>"; };
		B7C77CD01F8D3E61001C47BF /* Base */ = {isa = PBXFileReference; lastKnownFileType = file.storyboard; name = Base; path = Base.lproj/Main.storyboard; sourceTree = "<group>"; };
		B7C77CD21F8D3E61001C47BF /* Assets.xcassets */ = {isa = PBXFileReference; lastKnownFileType = folder.assetcatalog; path = Assets.xcassets; sourceTree = "<group>"; };
		B7C77CD51F8D3E61001C47BF /* Base */ = {isa = PBXFileReference; lastKnownFileType = file.storyboard; name = Base; path = Base.lproj/LaunchScreen.storyboard; sourceTree = "<group>"; };
		B7C77CD71F8D3E61001C47BF /* Info.plist */ = {isa = PBXFileReference; lastKnownFileType = text.plist.xml; path = Info.plist; sourceTree = "<group>"; };
		B7E5B75D1F953BC000782DFC /* SecondScreenViewController.swift */ = {isa = PBXFileReference; lastKnownFileType = sourcecode.swift; path = SecondScreenViewController.swift; sourceTree = "<group>"; };
/* End PBXFileReference section */

/* Begin PBXFrameworksBuildPhase section */
		B7C77CC51F8D3E61001C47BF /* Frameworks */ = {
			isa = PBXFrameworksBuildPhase;
			buildActionMask = 2147483647;
			files = (
			);
			runOnlyForDeploymentPostprocessing = 0;
		};
/* End PBXFrameworksBuildPhase section */

/* Begin PBXGroup section */
		B74B806B1F8FF5A500C0EA35 /* Controller */ = {
			isa = PBXGroup;
			children = (
				B7C77CCB1F8D3E61001C47BF /* AppDelegate.swift */,
				B7C77CCD1F8D3E61001C47BF /* ViewController.swift */,
				B7E5B75D1F953BC000782DFC /* SecondScreenViewController.swift */,
			);
			path = Controller;
			sourceTree = "<group>";
		};
		B74B806C1F8FF5B800C0EA35 /* View */ = {
			isa = PBXGroup;
			children = (
				B7C77CCF1F8D3E61001C47BF /* Main.storyboard */,
				B7C77CD41F8D3E61001C47BF /* LaunchScreen.storyboard */,
			);
			path = View;
			sourceTree = "<group>";
		};
		B74B806D1F8FF5E900C0EA35 /* Resources */ = {
			isa = PBXGroup;
			children = (
				B7C77CD21F8D3E61001C47BF /* Assets.xcassets */,
				B7C77CD71F8D3E61001C47BF /* Info.plist */,
			);
			path = Resources;
			sourceTree = "<group>";
		};
		B74B80701F8FF98800C0EA35 /* Model */ = {
			isa = PBXGroup;
			children = (
				B74B80711F8FF99800C0EA35 /* ColorTools.swift */,
			);
			path = Model;
			sourceTree = "<group>";
		};
		B7C77CBF1F8D3E61001C47BF = {
			isa = PBXGroup;
			children = (
				B7C77CCA1F8D3E61001C47BF /* ButtonApp */,
				B7C77CC91F8D3E61001C47BF /* Products */,
			);
			sourceTree = "<group>";
		};
		B7C77CC91F8D3E61001C47BF /* Products */ = {
			isa = PBXGroup;
			children = (
				B7C77CC81F8D3E61001C47BF /* ButtonApp.app */,
			);
			name = Products;
			sourceTree = "<group>";
		};
		B7C77CCA1F8D3E61001C47BF /* ButtonApp */ = {
			isa = PBXGroup;
			children = (
				B74B80701F8FF98800C0EA35 /* Model */,
				B74B806B1F8FF5A500C0EA35 /* Controller */,
				B74B806C1F8FF5B800C0EA35 /* View */,
				B74B806D1F8FF5E900C0EA35 /* Resources */,
			);
			path = ButtonApp;
			sourceTree = "<group>";
		};
/* End PBXGroup section */

/* Begin PBXNativeTarget section */
		B7C77CC71F8D3E61001C47BF /* ButtonApp */ = {
			isa = PBXNativeTarget;
			buildConfigurationList = B7C77CDA1F8D3E61001C47BF /* Build configuration list for PBXNativeTarget "ButtonApp" */;
			buildPhases = (
				B7C77CC41F8D3E61001C47BF /* Sources */,
				B7C77CC51F8D3E61001C47BF /* Frameworks */,
				B7C77CC61F8D3E61001C47BF /* Resources */,
			);
			buildRules = (
			);
			dependencies = (
			);
			name = ButtonApp;
			productName = ButtonApp;
			productReference = B7C77CC81F8D3E61001C47BF /* ButtonApp.app */;
			productType = "com.apple.product-type.application";
		};
/* End PBXNativeTarget section */

/* Begin PBXProject section */
		B7C77CC01F8D3E61001C47BF /* Project object */ = {
			isa = PBXProject;
			attributes = {
				LastSwiftUpdateCheck = 0900;
				LastUpgradeCheck = 0900;
				ORGANIZATIONNAME = "Martinson, Branton";
				TargetAttributes = {
					B7C77CC71F8D3E61001C47BF = {
						CreatedOnToolsVersion = 9.0;
						ProvisioningStyle = Automatic;
					};
				};
			};
			buildConfigurationList = B7C77CC31F8D3E61001C47BF /* Build configuration list for PBXProject "ButtonApp" */;
			compatibilityVersion = "Xcode 8.0";
			developmentRegion = en;
			hasScannedForEncodings = 0;
			knownRegions = (
				en,
				Base,
			);
			mainGroup = B7C77CBF1F8D3E61001C47BF;
			productRefGroup = B7C77CC91F8D3E61001C47BF /* Products */;
			projectDirPath = "";
			projectRoot = "";
			targets = (
				B7C77CC71F8D3E61001C47BF /* ButtonApp */,
			);
		};
/* End PBXProject section */

/* Begin PBXResourcesBuildPhase section */
		B7C77CC61F8D3E61001C47BF /* Resources */ = {
			isa = PBXResourcesBuildPhase;
			buildActionMask = 2147483647;
			files = (
				B7C77CD61F8D3E61001C47BF /* LaunchScreen.storyboard in Resources */,
				B7C77CD31F8D3E61001C47BF /* Assets.xcassets in Resources */,
				B7C77CD11F8D3E61001C47BF /* Main.storyboard in Resources */,
			);
			runOnlyForDeploymentPostprocessing = 0;
		};
/* End PBXResourcesBuildPhase section */

/* Begin PBXSourcesBuildPhase section */
		B7C77CC41F8D3E61001C47BF /* Sources */ = {
			isa = PBXSourcesBuildPhase;
			buildActionMask = 2147483647;
			files = (
				B7E5B75E1F953BC000782DFC /* SecondScreenViewController.swift in Sources */,
				B7C77CCE1F8D3E61001C47BF /* ViewController.swift in Sources */,
				B7C77CCC1F8D3E61001C47BF /* AppDelegate.swift in Sources */,
				B74B80721F8FF99800C0EA35 /* ColorTools.swift in Sources */,
			);
			runOnlyForDeploymentPostprocessing = 0;
		};
/* End PBXSourcesBuildPhase section */

/* Begin PBXVariantGroup section */
		B7C77CCF1F8D3E61001C47BF /* Main.storyboard */ = {
			isa = PBXVariantGroup;
			children = (
				B7C77CD01F8D3E61001C47BF /* Base */,
			);
			name = Main.storyboard;
			sourceTree = "<group>";
		};
		B7C77CD41F8D3E61001C47BF /* LaunchScreen.storyboard */ = {
			isa = PBXVariantGroup;
			children = (
				B7C77CD51F8D3E61001C47BF /* Base */,
			);
			name = LaunchScreen.storyboard;
			sourceTree = "<group>";
		};
/* End PBXVariantGroup section */

/* Begin XCBuildConfiguration section */
		B7C77CD81F8D3E61001C47BF /* Debug */ = {
			isa = XCBuildConfiguration;
			buildSettings = {
				ALWAYS_SEARCH_USER_PATHS = NO;
				CLANG_ANALYZER_NONNULL = YES;
				CLANG_ANALYZER_NUMBER_OBJECT_CONVERSION = YES_AGGRESSIVE;
				CLANG_CXX_LANGUAGE_STANDARD = "gnu++14";
				CLANG_CXX_LIBRARY = "libc++";
				CLANG_ENABLE_MODULES = YES;
				CLANG_ENABLE_OBJC_ARC = YES;
				CLANG_WARN_BLOCK_CAPTURE_AUTORELEASING = YES;
				CLANG_WARN_BOOL_CONVERSION = YES;
				CLANG_WARN_COMMA = YES;
				CLANG_WARN_CONSTANT_CONVERSION = YES;
				CLANG_WARN_DIRECT_OBJC_ISA_USAGE = YES_ERROR;
				CLANG_WARN_DOCUMENTATION_COMMENTS = YES;
				CLANG_WARN_EMPTY_BODY = YES;
				CLANG_WARN_ENUM_CONVERSION = YES;
				CLANG_WARN_INFINITE_RECURSION = YES;
				CLANG_WARN_INT_CONVERSION = YES;
				CLANG_WARN_NON_LITERAL_NULL_CONVERSION = YES;
				CLANG_WARN_OBJC_LITERAL_CONVERSION = YES;
				CLANG_WARN_OBJC_ROOT_CLASS = YES_ERROR;
				CLANG_WARN_RANGE_LOOP_ANALYSIS = YES;
				CLANG_WARN_STRICT_PROTOTYPES = YES;
				CLANG_WARN_SUSPICIOUS_MOVE = YES;
				CLANG_WARN_UNGUARDED_AVAILABILITY = YES_AGGRESSIVE;
				CLANG_WARN_UNREACHABLE_CODE = YES;
				CLANG_WARN__DUPLICATE_METHOD_MATCH = YES;
				CODE_SIGN_IDENTITY = "iPhone Developer";
				COPY_PHASE_STRIP = NO;
				DEBUG_INFORMATION_FORMAT = dwarf;
				ENABLE_STRICT_OBJC_MSGSEND = YES;
				ENABLE_TESTABILITY = YES;
				GCC_C_LANGUAGE_STANDARD = gnu11;
				GCC_DYNAMIC_NO_PIC = NO;
				GCC_NO_COMMON_BLOCKS = YES;
				GCC_OPTIMIZATION_LEVEL = 0;
				GCC_PREPROCESSOR_DEFINITIONS = (
					"DEBUG=1",
					"$(inherited)",
				);
				GCC_WARN_64_TO_32_BIT_CONVERSION = YES;
				GCC_WARN_ABOUT_RETURN_TYPE = YES_ERROR;
				GCC_WARN_UNDECLARED_SELECTOR = YES;
				GCC_WARN_UNINITIALIZED_AUTOS = YES_AGGRESSIVE;
				GCC_WARN_UNUSED_FUNCTION = YES;
				GCC_WARN_UNUSED_VARIABLE = YES;
				IPHONEOS_DEPLOYMENT_TARGET = 11.0;
				MTL_ENABLE_DEBUG_INFO = YES;
				ONLY_ACTIVE_ARCH = YES;
				SDKROOT = iphoneos;
				SWIFT_ACTIVE_COMPILATION_CONDITIONS = DEBUG;
				SWIFT_OPTIMIZATION_LEVEL = "-Onone";
			};
			name = Debug;
		};
		B7C77CD91F8D3E61001C47BF /* Release */ = {
			isa = XCBuildConfiguration;
			buildSettings = {
				ALWAYS_SEARCH_USER_PATHS = NO;
				CLANG_ANALYZER_NONNULL = YES;
				CLANG_ANALYZER_NUMBER_OBJECT_CONVERSION = YES_AGGRESSIVE;
				CLANG_CXX_LANGUAGE_STANDARD = "gnu++14";
				CLANG_CXX_LIBRARY = "libc++";
				CLANG_ENABLE_MODULES = YES;
				CLANG_ENABLE_OBJC_ARC = YES;
				CLANG_WARN_BLOCK_CAPTURE_AUTORELEASING = YES;
				CLANG_WARN_BOOL_CONVERSION = YES;
				CLANG_WARN_COMMA = YES;
				CLANG_WARN_CONSTANT_CONVERSION = YES;
				CLANG_WARN_DIRECT_OBJC_ISA_USAGE = YES_ERROR;
				CLANG_WARN_DOCUMENTATION_COMMENTS = YES;
				CLANG_WARN_EMPTY_BODY = YES;
				CLANG_WARN_ENUM_CONVERSION = YES;
				CLANG_WARN_INFINITE_RECURSION = YES;
				CLANG_WARN_INT_CONVERSION = YES;
				CLANG_WARN_NON_LITERAL_NULL_CONVERSION = YES;
				CLANG_WARN_OBJC_LITERAL_CONVERSION = YES;
				CLANG_WARN_OBJC_ROOT_CLASS = YES_ERROR;
				CLANG_WARN_RANGE_LOOP_ANALYSIS = YES;
				CLANG_WARN_STRICT_PROTOTYPES = YES;
				CLANG_WARN_SUSPICIOUS_MOVE = YES;
				CLANG_WARN_UNGUARDED_AVAILABILITY = YES_AGGRESSIVE;
				CLANG_WARN_UNREACHABLE_CODE = YES;
				CLANG_WARN__DUPLICATE_METHOD_MATCH = YES;
				CODE_SIGN_IDENTITY = "iPhone Developer";
				COPY_PHASE_STRIP = NO;
				DEBUG_INFORMATION_FORMAT = "dwarf-with-dsym";
				ENABLE_NS_ASSERTIONS = NO;
				ENABLE_STRICT_OBJC_MSGSEND = YES;
				GCC_C_LANGUAGE_STANDARD = gnu11;
				GCC_NO_COMMON_BLOCKS = YES;
				GCC_WARN_64_TO_32_BIT_CONVERSION = YES;
				GCC_WARN_ABOUT_RETURN_TYPE = YES_ERROR;
				GCC_WARN_UNDECLARED_SELECTOR = YES;
				GCC_WARN_UNINITIALIZED_AUTOS = YES_AGGRESSIVE;
				GCC_WARN_UNUSED_FUNCTION = YES;
				GCC_WARN_UNUSED_VARIABLE = YES;
				IPHONEOS_DEPLOYMENT_TARGET = 11.0;
				MTL_ENABLE_DEBUG_INFO = NO;
				SDKROOT = iphoneos;
				SWIFT_OPTIMIZATION_LEVEL = "-Owholemodule";
				VALIDATE_PRODUCT = YES;
			};
			name = Release;
		};
		B7C77CDB1F8D3E61001C47BF /* Debug */ = {
			isa = XCBuildConfiguration;
			buildSettings = {
				ASSETCATALOG_COMPILER_APPICON_NAME = AppIcon;
				CODE_SIGN_STYLE = Automatic;
				INFOPLIST_FILE = ButtonApp/Info.plist;
				LD_RUNPATH_SEARCH_PATHS = "$(inherited) @executable_path/Frameworks";
				PRODUCT_BUNDLE_IDENTIFIER = CTEC.ButtonApp;
				PRODUCT_NAME = "$(TARGET_NAME)";
				SWIFT_VERSION = 4.0;
				TARGETED_DEVICE_FAMILY = "1,2";
			};
			name = Debug;
		};
		B7C77CDC1F8D3E61001C47BF /* Release */ = {
			isa = XCBuildConfiguration;
			buildSettings = {
				ASSETCATALOG_COMPILER_APPICON_NAME = AppIcon;
				CODE_SIGN_STYLE = Automatic;
				INFOPLIST_FILE = ButtonApp/Info.plist;
				LD_RUNPATH_SEARCH_PATHS = "$(inherited) @executable_path/Frameworks";
				PRODUCT_BUNDLE_IDENTIFIER = CTEC.ButtonApp;
				PRODUCT_NAME = "$(TARGET_NAME)";
				SWIFT_VERSION = 4.0;
				TARGETED_DEVICE_FAMILY = "1,2";
			};
			name = Release;
		};
/* End XCBuildConfiguration section */

/* Begin XCConfigurationList section */
		B7C77CC31F8D3E61001C47BF /* Build configuration list for PBXProject "ButtonApp" */ = {
			isa = XCConfigurationList;
			buildConfigurations = (
				B7C77CD81F8D3E61001C47BF /* Debug */,
				B7C77CD91F8D3E61001C47BF /* Release */,
			);
			defaultConfigurationIsVisible = 0;
			defaultConfigurationName = Release;
		};
		B7C77CDA1F8D3E61001C47BF /* Build configuration list for PBXNativeTarget "ButtonApp" */ = {
			isa = XCConfigurationList;
			buildConfigurations = (
				B7C77CDB1F8D3E61001C47BF /* Debug */,
				B7C77CDC1F8D3E61001C47BF /* Release */,
			);
			defaultConfigurationIsVisible = 0;
			defaultConfigurationName = Release;
		};
/* End XCConfigurationList section */
	};
	rootObject = B7C77CC01F8D3E61001C47BF /* Project object */;
}
